
Microsoft Visual Studio Solution File, Format Version 12.00
# Visual Studio Version 17
VisualStudioVersion = 17.10.35122.118
MinimumVisualStudioVersion = 10.0.40219.1
Project("{9A19103F-16F7-4668-BE54-9A1E7A4F7556}") = "Insuranex", "Insuranex.csproj", "{56F77A3C-95DE-448D-8198-59E2F91E7E21}"
EndProject
Global
	GlobalSection(SolutionConfigurationPlatforms) = preSolution
		Debug|Any CPU = Debug|Any CPU
		Release|Any CPU = Release|Any CPU
	EndGlobalSection
	GlobalSection(ProjectConfigurationPlatforms) = postSolution
		{56F77A3C-95DE-448D-8198-59E2F91E7E21}.Debug|Any CPU.ActiveCfg = Debug|Any CPU
		{56F77A3C-95DE-448D-8198-59E2F91E7E21}.Debug|Any CPU.Build.0 = Debug|Any CPU
		{56F77A3C-95DE-448D-8198-59E2F91E7E21}.Release|Any CPU.ActiveCfg = Release|Any CPU
		{56F77A3C-95DE-448D-8198-59E2F91E7E21}.Release|Any CPU.Build.0 = Release|Any CPU
	EndGlobalSection
	GlobalSection(SolutionProperties) = preSolution
		HideSolutionNode = FALSE
	EndGlobalSection
	GlobalSection(ExtensibilityGlobals) = postSolution
		SolutionGuid = {075A5885-F708-4058-A67D-728A9613788B}
	EndGlobalSection
EndGlobal
